
Microsoft Visual Studio Solution File, Format Version 12.00
# Visual Studio 15
VisualStudioVersion = 15.0.28307.329
MinimumVisualStudioVersion = 10.0.40219.1
Project("{FAE04EC0-301F-11D3-BF4B-00C04F79EFBC}") = "teste", "teste\teste.csproj", "{3236CE38-43D2-4013-B781-868ECD29C1AE}"
EndProject
Global
	GlobalSection(SolutionConfigurationPlatforms) = preSolution
		Debug|Any CPU = Debug|Any CPU
		Release|Any CPU = Release|Any CPU
	EndGlobalSection
	GlobalSection(ProjectConfigurationPlatforms) = postSolution
		{3236CE38-43D2-4013-B781-868ECD29C1AE}.Debug|Any CPU.ActiveCfg = Debug|Any CPU
		{3236CE38-43D2-4013-B781-868ECD29C1AE}.Debug|Any CPU.Build.0 = Debug|Any CPU
		{3236CE38-43D2-4013-B781-868ECD29C1AE}.Release|Any CPU.ActiveCfg = Release|Any CPU
		{3236CE38-43D2-4013-B781-868ECD29C1AE}.Release|Any CPU.Build.0 = Release|Any CPU
	EndGlobalSection
	GlobalSection(SolutionProperties) = preSolution
		HideSolutionNode = FALSE
	EndGlobalSection
	GlobalSection(ExtensibilityGlobals) = postSolution
		SolutionGuid = {E37CB69C-A61F-43B4-8811-8955B5E8F539}
	EndGlobalSection
EndGlobal
